// !$*UTF8*$!
{
	archiveVersion = 1;
	classes = {
	};
	objectVersion = 46;
	objects = {

/* Begin PBXBuildFile section */
		B20271C51B57A65A005D5F48 /* DetailCell.m in Sources */ = {isa = PBXBuildFile; fileRef = B20271C41B57A65A005D5F48 /* DetailCell.m */; };
		B20271CA1B5CC832005D5F48 /* DetailView.m in Sources */ = {isa = PBXBuildFile; fileRef = B20271C91B5CC832005D5F48 /* DetailView.m */; };
		B20271CC1B5CC861005D5F48 /* DetailView.xib in Resources */ = {isa = PBXBuildFile; fileRef = B20271CB1B5CC861005D5F48 /* DetailView.xib */; };
		B20271CE1B5CDBD4005D5F48 /* DetailFullView.xib in Resources */ = {isa = PBXBuildFile; fileRef = B20271CD1B5CDBD4005D5F48 /* DetailFullView.xib */; };
		B20271D11B5CFC09005D5F48 /* DetailFullView.m in Sources */ = {isa = PBXBuildFile; fileRef = B20271D01B5CFC09005D5F48 /* DetailFullView.m */; };
		B20271D51B5D1780005D5F48 /* ic_expand_20x20.png in Resources */ = {isa = PBXBuildFile; fileRef = B20271D41B5D1780005D5F48 /* ic_expand_20x20.png */; };
		B210F4F01B54FB4A00C2215D /* DetailViewController.m in Sources */ = {isa = PBXBuildFile; fileRef = B210F4EE1B54FB4A00C2215D /* DetailViewController.m */; };
		B210F4F11B54FB4A00C2215D /* DetailViewController.xib in Resources */ = {isa = PBXBuildFile; fileRef = B210F4EF1B54FB4A00C2215D /* DetailViewController.xib */; };
		D94AF3B31B53A5E9000B4862 /* AttractionsModel.m in Sources */ = {isa = PBXBuildFile; fileRef = D94AF3B21B53A5E9000B4862 /* AttractionsModel.m */; };
		D94AF3B71B53C428000B4862 /* MainController.m in Sources */ = {isa = PBXBuildFile; fileRef = D94AF3B51B53C428000B4862 /* MainController.m */; };
		D94AF3BA1B53D126000B4862 /* CoreLocation.framework in Frameworks */ = {isa = PBXBuildFile; fileRef = D94AF3B91B53D126000B4862 /* CoreLocation.framework */; };
		D965F3F41B56040900A91259 /* CMFViewController.m in Sources */ = {isa = PBXBuildFile; fileRef = D965F3EF1B56040900A91259 /* CMFViewController.m */; };
		D965F3F51B56040900A91259 /* CMFViewController.xib in Resources */ = {isa = PBXBuildFile; fileRef = D965F3F01B56040900A91259 /* CMFViewController.xib */; };
		D965F3F61B56040900A91259 /* FiltersViewController.m in Sources */ = {isa = PBXBuildFile; fileRef = D965F3F21B56040900A91259 /* FiltersViewController.m */; };
		D965F3F71B56040900A91259 /* FiltersViewController.xib in Resources */ = {isa = PBXBuildFile; fileRef = D965F3F31B56040900A91259 /* FiltersViewController.xib */; };
		D965F3FA1B56041500A91259 /* UIImageView+NSAdditions.m in Sources */ = {isa = PBXBuildFile; fileRef = D965F3F91B56041500A91259 /* UIImageView+NSAdditions.m */; };
		D965F4011B56042500A91259 /* CheckBoxCell.m in Sources */ = {isa = PBXBuildFile; fileRef = D965F3FC1B56042500A91259 /* CheckBoxCell.m */; };
		D965F4021B56042500A91259 /* CheckBoxCell.xib in Resources */ = {isa = PBXBuildFile; fileRef = D965F3FD1B56042500A91259 /* CheckBoxCell.xib */; };
		D965F4031B56042500A91259 /* CMFGalleryCell.m in Sources */ = {isa = PBXBuildFile; fileRef = D965F3FF1B56042500A91259 /* CMFGalleryCell.m */; };
		D965F4041B56042500A91259 /* CMFGalleryCell.xib in Resources */ = {isa = PBXBuildFile; fileRef = D965F4001B56042500A91259 /* CMFGalleryCell.xib */; };
		D965F4081B56043100A91259 /* ExpandCell.m in Sources */ = {isa = PBXBuildFile; fileRef = D965F4061B56043100A91259 /* ExpandCell.m */; };
		D965F4091B56043100A91259 /* ExpandCell.xib in Resources */ = {isa = PBXBuildFile; fileRef = D965F4071B56043100A91259 /* ExpandCell.xib */; };
		D9A8DAEE1B53A49000D5A9A3 /* main.m in Sources */ = {isa = PBXBuildFile; fileRef = D9A8DAED1B53A49000D5A9A3 /* main.m */; };
		D9A8DAF11B53A49000D5A9A3 /* AppDelegate.m in Sources */ = {isa = PBXBuildFile; fileRef = D9A8DAF01B53A49000D5A9A3 /* AppDelegate.m */; };
		D9A8DAF71B53A49000D5A9A3 /* Main.storyboard in Resources */ = {isa = PBXBuildFile; fileRef = D9A8DAF51B53A49000D5A9A3 /* Main.storyboard */; };
		D9A8DAF91B53A49000D5A9A3 /* Images.xcassets in Resources */ = {isa = PBXBuildFile; fileRef = D9A8DAF81B53A49000D5A9A3 /* Images.xcassets */; };
		D9A8DAFC1B53A49000D5A9A3 /* LaunchScreen.xib in Resources */ = {isa = PBXBuildFile; fileRef = D9A8DAFA1B53A49000D5A9A3 /* LaunchScreen.xib */; };
		D9A8DB081B53A49000D5A9A3 /* CityFunTests.m in Sources */ = {isa = PBXBuildFile; fileRef = D9A8DB071B53A49000D5A9A3 /* CityFunTests.m */; };
		D9B20B2D1B5B6A7A0031A3F5 /* FavoriteTableView.m in Sources */ = {isa = PBXBuildFile; fileRef = D9B20B2B1B5B6A7A0031A3F5 /* FavoriteTableView.m */; };
		D9B20B2E1B5B6A7A0031A3F5 /* FavoriteTableView.xib in Resources */ = {isa = PBXBuildFile; fileRef = D9B20B2C1B5B6A7A0031A3F5 /* FavoriteTableView.xib */; };
		D9B20B351B5B779B0031A3F5 /* FavoriteCell.m in Sources */ = {isa = PBXBuildFile; fileRef = D9B20B331B5B779B0031A3F5 /* FavoriteCell.m */; };
		D9B20B361B5B779B0031A3F5 /* FavoriteCell.xib in Resources */ = {isa = PBXBuildFile; fileRef = D9B20B341B5B779B0031A3F5 /* FavoriteCell.xib */; };
		D9C2394A1B54B0A800C1453A /* MainCollectionView.m in Sources */ = {isa = PBXBuildFile; fileRef = D9C239481B54B0A800C1453A /* MainCollectionView.m */; };
		D9C2394B1B54B0A800C1453A /* MainCollectionView.xib in Resources */ = {isa = PBXBuildFile; fileRef = D9C239491B54B0A800C1453A /* MainCollectionView.xib */; };
		D9C2394F1B54BB2800C1453A /* MapView.m in Sources */ = {isa = PBXBuildFile; fileRef = D9C2394D1B54BB2800C1453A /* MapView.m */; };
		D9C239501B54BB2800C1453A /* MapView.xib in Resources */ = {isa = PBXBuildFile; fileRef = D9C2394E1B54BB2800C1453A /* MapView.xib */; };
		D9C239541B54EAA600C1453A /* CollectionCell.m in Sources */ = {isa = PBXBuildFile; fileRef = D9C239521B54EAA600C1453A /* CollectionCell.m */; };
		D9C239551B54EAA600C1453A /* CollectionCell.xib in Resources */ = {isa = PBXBuildFile; fileRef = D9C239531B54EAA600C1453A /* CollectionCell.xib */; };
		D9C239601B56018F00C1453A /* UIImage+Resize.m in Sources */ = {isa = PBXBuildFile; fileRef = D9C2395F1B56018F00C1453A /* UIImage+Resize.m */; };
		E788A24ACDDC812A29F1F530 /* libPods-CityFun.a in Frameworks */ = {isa = PBXBuildFile; fileRef = CA44D39B1DEA39A133F5B3C8 /* libPods-CityFun.a */; };
/* End PBXBuildFile section */

/* Begin PBXContainerItemProxy section */
		D9A8DB021B53A49000D5A9A3 /* PBXContainerItemProxy */ = {
			isa = PBXContainerItemProxy;
			containerPortal = D9A8DAE01B53A49000D5A9A3 /* Project object */;
			proxyType = 1;
			remoteGlobalIDString = D9A8DAE71B53A49000D5A9A3;
			remoteInfo = CityFun;
		};
/* End PBXContainerItemProxy section */

/* Begin PBXFileReference section */
		2860BF83D8E0A31601F516D7 /* Pods-CityFun.debug.xcconfig */ = {isa = PBXFileReference; includeInIndex = 1; lastKnownFileType = text.xcconfig; name = "Pods-CityFun.debug.xcconfig"; path = "Pods/Target Support Files/Pods-CityFun/Pods-CityFun.debug.xcconfig"; sourceTree = "<group>"; };
		B20271C31B57A65A005D5F48 /* DetailCell.h */ = {isa = PBXFileReference; fileEncoding = 4; lastKnownFileType = sourcecode.c.h; name = DetailCell.h; path = ../Controller/DetailCell.h; sourceTree = "<group>"; };
		B20271C41B57A65A005D5F48 /* DetailCell.m */ = {isa = PBXFileReference; fileEncoding = 4; lastKnownFileType = sourcecode.c.objc; name = DetailCell.m; path = ../Controller/DetailCell.m; sourceTree = "<group>"; };
		B20271C81B5CC832005D5F48 /* DetailView.h */ = {isa = PBXFileReference; fileEncoding = 4; lastKnownFileType = sourcecode.c.h; name = DetailView.h; path = ../Controller/DetailView.h; sourceTree = "<group>"; };
		B20271C91B5CC832005D5F48 /* DetailView.m */ = {isa = PBXFileReference; fileEncoding = 4; lastKnownFileType = sourcecode.c.objc; name = DetailView.m; path = ../Controller/DetailView.m; sourceTree = "<group>"; };
		B20271CB1B5CC861005D5F48 /* DetailView.xib */ = {isa = PBXFileReference; fileEncoding = 4; lastKnownFileType = file.xib; name = DetailView.xib; path = ../Controller/DetailView.xib; sourceTree = "<group>"; };
		B20271CD1B5CDBD4005D5F48 /* DetailFullView.xib */ = {isa = PBXFileReference; fileEncoding = 4; lastKnownFileType = file.xib; name = DetailFullView.xib; path = ../Controller/DetailFullView.xib; sourceTree = "<group>"; };
		B20271CF1B5CFC09005D5F48 /* DetailFullView.h */ = {isa = PBXFileReference; fileEncoding = 4; lastKnownFileType = sourcecode.c.h; name = DetailFullView.h; path = ../Controller/DetailFullView.h; sourceTree = "<group>"; };
		B20271D01B5CFC09005D5F48 /* DetailFullView.m */ = {isa = PBXFileReference; fileEncoding = 4; lastKnownFileType = sourcecode.c.objc; name = DetailFullView.m; path = ../Controller/DetailFullView.m; sourceTree = "<group>"; };
		B20271D41B5D1780005D5F48 /* ic_expand_20x20.png */ = {isa = PBXFileReference; lastKnownFileType = image.png; name = ic_expand_20x20.png; path = ../../../../Desktop/icon/ic_expand_20x20.png; sourceTree = "<group>"; };
		B210F4ED1B54FB4A00C2215D /* DetailViewController.h */ = {isa = PBXFileReference; fileEncoding = 4; lastKnownFileType = sourcecode.c.h; path = DetailViewController.h; sourceTree = "<group>"; };
		B210F4EE1B54FB4A00C2215D /* DetailViewController.m */ = {isa = PBXFileReference; fileEncoding = 4; lastKnownFileType = sourcecode.c.objc; path = DetailViewController.m; sourceTree = "<group>"; };
		B210F4EF1B54FB4A00C2215D /* DetailViewController.xib */ = {isa = PBXFileReference; fileEncoding = 4; lastKnownFileType = file.xib; path = DetailViewController.xib; sourceTree = "<group>"; };
		CA44D39B1DEA39A133F5B3C8 /* libPods-CityFun.a */ = {isa = PBXFileReference; explicitFileType = archive.ar; includeInIndex = 0; path = "libPods-CityFun.a"; sourceTree = BUILT_PRODUCTS_DIR; };
		D94AF3B11B53A5E9000B4862 /* AttractionsModel.h */ = {isa = PBXFileReference; fileEncoding = 4; lastKnownFileType = sourcecode.c.h; path = AttractionsModel.h; sourceTree = "<group>"; };
		D94AF3B21B53A5E9000B4862 /* AttractionsModel.m */ = {isa = PBXFileReference; fileEncoding = 4; lastKnownFileType = sourcecode.c.objc; path = AttractionsModel.m; sourceTree = "<group>"; };
		D94AF3B41B53C428000B4862 /* MainController.h */ = {isa = PBXFileReference; fileEncoding = 4; lastKnownFileType = sourcecode.c.h; path = MainController.h; sourceTree = "<group>"; };
		D94AF3B51B53C428000B4862 /* MainController.m */ = {isa = PBXFileReference; fileEncoding = 4; lastKnownFileType = sourcecode.c.objc; path = MainController.m; sourceTree = "<group>"; };
		D94AF3B91B53D126000B4862 /* CoreLocation.framework */ = {isa = PBXFileReference; lastKnownFileType = wrapper.framework; name = CoreLocation.framework; path = System/Library/Frameworks/CoreLocation.framework; sourceTree = SDKROOT; };
		D965F3EE1B56040900A91259 /* CMFViewController.h */ = {isa = PBXFileReference; fileEncoding = 4; lastKnownFileType = sourcecode.c.h; path = CMFViewController.h; sourceTree = "<group>"; };
		D965F3EF1B56040900A91259 /* CMFViewController.m */ = {isa = PBXFileReference; fileEncoding = 4; lastKnownFileType = sourcecode.c.objc; path = CMFViewController.m; sourceTree = "<group>"; };
		D965F3F01B56040900A91259 /* CMFViewController.xib */ = {isa = PBXFileReference; fileEncoding = 4; lastKnownFileType = file.xib; path = CMFViewController.xib; sourceTree = "<group>"; };
		D965F3F11B56040900A91259 /* FiltersViewController.h */ = {isa = PBXFileReference; fileEncoding = 4; lastKnownFileType = sourcecode.c.h; path = FiltersViewController.h; sourceTree = "<group>"; };
		D965F3F21B56040900A91259 /* FiltersViewController.m */ = {isa = PBXFileReference; fileEncoding = 4; lastKnownFileType = sourcecode.c.objc; path = FiltersViewController.m; sourceTree = "<group>"; };
		D965F3F31B56040900A91259 /* FiltersViewController.xib */ = {isa = PBXFileReference; fileEncoding = 4; lastKnownFileType = file.xib; path = FiltersViewController.xib; sourceTree = "<group>"; };
		D965F3F81B56041500A91259 /* UIImageView+NSAdditions.h */ = {isa = PBXFileReference; fileEncoding = 4; lastKnownFileType = sourcecode.c.h; path = "UIImageView+NSAdditions.h"; sourceTree = "<group>"; };
		D965F3F91B56041500A91259 /* UIImageView+NSAdditions.m */ = {isa = PBXFileReference; fileEncoding = 4; lastKnownFileType = sourcecode.c.objc; path = "UIImageView+NSAdditions.m"; sourceTree = "<group>"; };
		D965F3FB1B56042500A91259 /* CheckBoxCell.h */ = {isa = PBXFileReference; fileEncoding = 4; lastKnownFileType = sourcecode.c.h; path = CheckBoxCell.h; sourceTree = "<group>"; };
		D965F3FC1B56042500A91259 /* CheckBoxCell.m */ = {isa = PBXFileReference; fileEncoding = 4; lastKnownFileType = sourcecode.c.objc; path = CheckBoxCell.m; sourceTree = "<group>"; };
		D965F3FD1B56042500A91259 /* CheckBoxCell.xib */ = {isa = PBXFileReference; fileEncoding = 4; lastKnownFileType = file.xib; path = CheckBoxCell.xib; sourceTree = "<group>"; };
		D965F3FE1B56042500A91259 /* CMFGalleryCell.h */ = {isa = PBXFileReference; fileEncoding = 4; lastKnownFileType = sourcecode.c.h; path = CMFGalleryCell.h; sourceTree = "<group>"; };
		D965F3FF1B56042500A91259 /* CMFGalleryCell.m */ = {isa = PBXFileReference; fileEncoding = 4; lastKnownFileType = sourcecode.c.objc; path = CMFGalleryCell.m; sourceTree = "<group>"; };
		D965F4001B56042500A91259 /* CMFGalleryCell.xib */ = {isa = PBXFileReference; fileEncoding = 4; lastKnownFileType = file.xib; path = CMFGalleryCell.xib; sourceTree = "<group>"; };
		D965F4051B56043100A91259 /* ExpandCell.h */ = {isa = PBXFileReference; fileEncoding = 4; lastKnownFileType = sourcecode.c.h; path = ExpandCell.h; sourceTree = "<group>"; };
		D965F4061B56043100A91259 /* ExpandCell.m */ = {isa = PBXFileReference; fileEncoding = 4; lastKnownFileType = sourcecode.c.objc; path = ExpandCell.m; sourceTree = "<group>"; };
		D965F4071B56043100A91259 /* ExpandCell.xib */ = {isa = PBXFileReference; fileEncoding = 4; lastKnownFileType = file.xib; path = ExpandCell.xib; sourceTree = "<group>"; };
		D9A8DAE81B53A49000D5A9A3 /* CityFun.app */ = {isa = PBXFileReference; explicitFileType = wrapper.application; includeInIndex = 0; path = CityFun.app; sourceTree = BUILT_PRODUCTS_DIR; };
		D9A8DAEC1B53A49000D5A9A3 /* Info.plist */ = {isa = PBXFileReference; lastKnownFileType = text.plist.xml; path = Info.plist; sourceTree = "<group>"; };
		D9A8DAED1B53A49000D5A9A3 /* main.m */ = {isa = PBXFileReference; lastKnownFileType = sourcecode.c.objc; path = main.m; sourceTree = "<group>"; };
		D9A8DAEF1B53A49000D5A9A3 /* AppDelegate.h */ = {isa = PBXFileReference; lastKnownFileType = sourcecode.c.h; path = AppDelegate.h; sourceTree = "<group>"; };
		D9A8DAF01B53A49000D5A9A3 /* AppDelegate.m */ = {isa = PBXFileReference; lastKnownFileType = sourcecode.c.objc; path = AppDelegate.m; sourceTree = "<group>"; };
		D9A8DAF61B53A49000D5A9A3 /* Base */ = {isa = PBXFileReference; lastKnownFileType = file.storyboard; name = Base; path = Base.lproj/Main.storyboard; sourceTree = "<group>"; };
		D9A8DAF81B53A49000D5A9A3 /* Images.xcassets */ = {isa = PBXFileReference; lastKnownFileType = folder.assetcatalog; path = Images.xcassets; sourceTree = "<group>"; };
		D9A8DAFB1B53A49000D5A9A3 /* Base */ = {isa = PBXFileReference; lastKnownFileType = file.xib; name = Base; path = Base.lproj/LaunchScreen.xib; sourceTree = "<group>"; };
		D9A8DB011B53A49000D5A9A3 /* CityFunTests.xctest */ = {isa = PBXFileReference; explicitFileType = wrapper.cfbundle; includeInIndex = 0; path = CityFunTests.xctest; sourceTree = BUILT_PRODUCTS_DIR; };
		D9A8DB061B53A49000D5A9A3 /* Info.plist */ = {isa = PBXFileReference; lastKnownFileType = text.plist.xml; path = Info.plist; sourceTree = "<group>"; };
		D9A8DB071B53A49000D5A9A3 /* CityFunTests.m */ = {isa = PBXFileReference; lastKnownFileType = sourcecode.c.objc; path = CityFunTests.m; sourceTree = "<group>"; };
		D9B20B2A1B5B6A7A0031A3F5 /* FavoriteTableView.h */ = {isa = PBXFileReference; fileEncoding = 4; lastKnownFileType = sourcecode.c.h; path = FavoriteTableView.h; sourceTree = "<group>"; };
		D9B20B2B1B5B6A7A0031A3F5 /* FavoriteTableView.m */ = {isa = PBXFileReference; fileEncoding = 4; lastKnownFileType = sourcecode.c.objc; path = FavoriteTableView.m; sourceTree = "<group>"; };
		D9B20B2C1B5B6A7A0031A3F5 /* FavoriteTableView.xib */ = {isa = PBXFileReference; fileEncoding = 4; lastKnownFileType = file.xib; path = FavoriteTableView.xib; sourceTree = "<group>"; };
		D9B20B321B5B779B0031A3F5 /* FavoriteCell.h */ = {isa = PBXFileReference; fileEncoding = 4; lastKnownFileType = sourcecode.c.h; path = FavoriteCell.h; sourceTree = "<group>"; };
		D9B20B331B5B779B0031A3F5 /* FavoriteCell.m */ = {isa = PBXFileReference; fileEncoding = 4; lastKnownFileType = sourcecode.c.objc; path = FavoriteCell.m; sourceTree = "<group>"; };
		D9B20B341B5B779B0031A3F5 /* FavoriteCell.xib */ = {isa = PBXFileReference; fileEncoding = 4; lastKnownFileType = file.xib; path = FavoriteCell.xib; sourceTree = "<group>"; };
		D9C239471B54B0A800C1453A /* MainCollectionView.h */ = {isa = PBXFileReference; fileEncoding = 4; lastKnownFileType = sourcecode.c.h; path = MainCollectionView.h; sourceTree = "<group>"; };
		D9C239481B54B0A800C1453A /* MainCollectionView.m */ = {isa = PBXFileReference; fileEncoding = 4; lastKnownFileType = sourcecode.c.objc; path = MainCollectionView.m; sourceTree = "<group>"; };
		D9C239491B54B0A800C1453A /* MainCollectionView.xib */ = {isa = PBXFileReference; fileEncoding = 4; lastKnownFileType = file.xib; path = MainCollectionView.xib; sourceTree = "<group>"; };
		D9C2394C1B54BB2800C1453A /* MapView.h */ = {isa = PBXFileReference; fileEncoding = 4; lastKnownFileType = sourcecode.c.h; path = MapView.h; sourceTree = "<group>"; };
		D9C2394D1B54BB2800C1453A /* MapView.m */ = {isa = PBXFileReference; fileEncoding = 4; lastKnownFileType = sourcecode.c.objc; path = MapView.m; sourceTree = "<group>"; };
		D9C2394E1B54BB2800C1453A /* MapView.xib */ = {isa = PBXFileReference; fileEncoding = 4; lastKnownFileType = file.xib; path = MapView.xib; sourceTree = "<group>"; };
		D9C239511B54EAA600C1453A /* CollectionCell.h */ = {isa = PBXFileReference; fileEncoding = 4; lastKnownFileType = sourcecode.c.h; path = CollectionCell.h; sourceTree = "<group>"; };
		D9C239521B54EAA600C1453A /* CollectionCell.m */ = {isa = PBXFileReference; fileEncoding = 4; lastKnownFileType = sourcecode.c.objc; path = CollectionCell.m; sourceTree = "<group>"; };
		D9C239531B54EAA600C1453A /* CollectionCell.xib */ = {isa = PBXFileReference; fileEncoding = 4; lastKnownFileType = file.xib; path = CollectionCell.xib; sourceTree = "<group>"; };
		D9C2395E1B56018F00C1453A /* UIImage+Resize.h */ = {isa = PBXFileReference; fileEncoding = 4; lastKnownFileType = sourcecode.c.h; path = "UIImage+Resize.h"; sourceTree = "<group>"; };
		D9C2395F1B56018F00C1453A /* UIImage+Resize.m */ = {isa = PBXFileReference; fileEncoding = 4; lastKnownFileType = sourcecode.c.objc; path = "UIImage+Resize.m"; sourceTree = "<group>"; };
		D9E3D501074F726192434ABB /* Pods-CityFun.release.xcconfig */ = {isa = PBXFileReference; includeInIndex = 1; lastKnownFileType = text.xcconfig; name = "Pods-CityFun.release.xcconfig"; path = "Pods/Target Support Files/Pods-CityFun/Pods-CityFun.release.xcconfig"; sourceTree = "<group>"; };
/* End PBXFileReference section */

/* Begin PBXFrameworksBuildPhase section */
		D9A8DAE51B53A49000D5A9A3 /* Frameworks */ = {
			isa = PBXFrameworksBuildPhase;
			buildActionMask = 2147483647;
			files = (
				D94AF3BA1B53D126000B4862 /* CoreLocation.framework in Frameworks */,
				E788A24ACDDC812A29F1F530 /* libPods-CityFun.a in Frameworks */,
			);
			runOnlyForDeploymentPostprocessing = 0;
		};
		D9A8DAFE1B53A49000D5A9A3 /* Frameworks */ = {
			isa = PBXFrameworksBuildPhase;
			buildActionMask = 2147483647;
			files = (
			);
			runOnlyForDeploymentPostprocessing = 0;
		};
/* End PBXFrameworksBuildPhase section */

/* Begin PBXGroup section */
		A7E46674A40341AC24A6165C /* Pods */ = {
			isa = PBXGroup;
			children = (
				2860BF83D8E0A31601F516D7 /* Pods-CityFun.debug.xcconfig */,
				D9E3D501074F726192434ABB /* Pods-CityFun.release.xcconfig */,
			);
			name = Pods;
			sourceTree = "<group>";
		};
		D94AF3AE1B53A56A000B4862 /* Controller */ = {
			isa = PBXGroup;
			children = (
				D965F3EE1B56040900A91259 /* CMFViewController.h */,
				D965F3EF1B56040900A91259 /* CMFViewController.m */,
				D965F3F01B56040900A91259 /* CMFViewController.xib */,
				D965F3F11B56040900A91259 /* FiltersViewController.h */,
				D965F3F21B56040900A91259 /* FiltersViewController.m */,
				D965F3F31B56040900A91259 /* FiltersViewController.xib */,
				D94AF3B41B53C428000B4862 /* MainController.h */,
				D94AF3B51B53C428000B4862 /* MainController.m */,
				D9B20B2A1B5B6A7A0031A3F5 /* FavoriteTableView.h */,
				D9B20B2B1B5B6A7A0031A3F5 /* FavoriteTableView.m */,
				D9B20B2C1B5B6A7A0031A3F5 /* FavoriteTableView.xib */,
				B210F4ED1B54FB4A00C2215D /* DetailViewController.h */,
				B210F4EE1B54FB4A00C2215D /* DetailViewController.m */,
				B210F4EF1B54FB4A00C2215D /* DetailViewController.xib */,
			);
			path = Controller;
			sourceTree = "<group>";
		};
		D94AF3AF1B53A572000B4862 /* Model */ = {
			isa = PBXGroup;
			children = (
				D94AF3B11B53A5E9000B4862 /* AttractionsModel.h */,
				D94AF3B21B53A5E9000B4862 /* AttractionsModel.m */,
			);
			path = Model;
			sourceTree = "<group>";
		};
		D94AF3B01B53A572000B4862 /* View */ = {
			isa = PBXGroup;
			children = (
				D965F4051B56043100A91259 /* ExpandCell.h */,
				D965F4061B56043100A91259 /* ExpandCell.m */,
				D965F4071B56043100A91259 /* ExpandCell.xib */,
				D965F3FB1B56042500A91259 /* CheckBoxCell.h */,
				D965F3FC1B56042500A91259 /* CheckBoxCell.m */,
				D965F3FD1B56042500A91259 /* CheckBoxCell.xib */,
				D965F3FE1B56042500A91259 /* CMFGalleryCell.h */,
				D965F3FF1B56042500A91259 /* CMFGalleryCell.m */,
				D965F4001B56042500A91259 /* CMFGalleryCell.xib */,
				D9C239471B54B0A800C1453A /* MainCollectionView.h */,
				D9C239481B54B0A800C1453A /* MainCollectionView.m */,
				D9C239491B54B0A800C1453A /* MainCollectionView.xib */,
				D9C2394C1B54BB2800C1453A /* MapView.h */,
				D9C2394D1B54BB2800C1453A /* MapView.m */,
				D9C2394E1B54BB2800C1453A /* MapView.xib */,
				D9C239511B54EAA600C1453A /* CollectionCell.h */,
				D9C239521B54EAA600C1453A /* CollectionCell.m */,
				D9C239531B54EAA600C1453A /* CollectionCell.xib */,
				D9B20B321B5B779B0031A3F5 /* FavoriteCell.h */,
				D9B20B331B5B779B0031A3F5 /* FavoriteCell.m */,
				D9B20B341B5B779B0031A3F5 /* FavoriteCell.xib */,
				B20271C31B57A65A005D5F48 /* DetailCell.h */,
				B20271C41B57A65A005D5F48 /* DetailCell.m */,
				B20271C81B5CC832005D5F48 /* DetailView.h */,
				B20271C91B5CC832005D5F48 /* DetailView.m */,
				B20271CB1B5CC861005D5F48 /* DetailView.xib */,
				B20271CD1B5CDBD4005D5F48 /* DetailFullView.xib */,
				B20271CF1B5CFC09005D5F48 /* DetailFullView.h */,
				B20271D01B5CFC09005D5F48 /* DetailFullView.m */,
			);
			path = View;
			sourceTree = "<group>";
		};
		D9A8DADF1B53A49000D5A9A3 = {
			isa = PBXGroup;
			children = (
				D9A8DAEA1B53A49000D5A9A3 /* CityFun */,
				D9A8DB041B53A49000D5A9A3 /* CityFunTests */,
				D9A8DAE91B53A49000D5A9A3 /* Products */,
				A7E46674A40341AC24A6165C /* Pods */,
				F966C7E756573EAFD58EBDC3 /* Frameworks */,
			);
			sourceTree = "<group>";
		};
		D9A8DAE91B53A49000D5A9A3 /* Products */ = {
			isa = PBXGroup;
			children = (
				D9A8DAE81B53A49000D5A9A3 /* CityFun.app */,
				D9A8DB011B53A49000D5A9A3 /* CityFunTests.xctest */,
			);
			name = Products;
			sourceTree = "<group>";
		};
		D9A8DAEA1B53A49000D5A9A3 /* CityFun */ = {
			isa = PBXGroup;
			children = (
				D9C2395D1B56014A00C1453A /* Helper */,
				B20271D41B5D1780005D5F48 /* ic_expand_20x20.png */,
				D94AF3AF1B53A572000B4862 /* Model */,
				D94AF3B01B53A572000B4862 /* View */,
				D94AF3AE1B53A56A000B4862 /* Controller */,
				D9A8DAEF1B53A49000D5A9A3 /* AppDelegate.h */,
				D9A8DAF01B53A49000D5A9A3 /* AppDelegate.m */,
				D9A8DAF51B53A49000D5A9A3 /* Main.storyboard */,
				D9A8DAF81B53A49000D5A9A3 /* Images.xcassets */,
				D9A8DAFA1B53A49000D5A9A3 /* LaunchScreen.xib */,
				D9A8DAEB1B53A49000D5A9A3 /* Supporting Files */,
			);
			path = CityFun;
			sourceTree = "<group>";
		};
		D9A8DAEB1B53A49000D5A9A3 /* Supporting Files */ = {
			isa = PBXGroup;
			children = (
				D9A8DAEC1B53A49000D5A9A3 /* Info.plist */,
				D9A8DAED1B53A49000D5A9A3 /* main.m */,
			);
			name = "Supporting Files";
			sourceTree = "<group>";
		};
		D9A8DB041B53A49000D5A9A3 /* CityFunTests */ = {
			isa = PBXGroup;
			children = (
				D9A8DB071B53A49000D5A9A3 /* CityFunTests.m */,
				D9A8DB051B53A49000D5A9A3 /* Supporting Files */,
			);
			path = CityFunTests;
			sourceTree = "<group>";
		};
		D9A8DB051B53A49000D5A9A3 /* Supporting Files */ = {
			isa = PBXGroup;
			children = (
				D9A8DB061B53A49000D5A9A3 /* Info.plist */,
			);
			name = "Supporting Files";
			sourceTree = "<group>";
		};
		D9C2395D1B56014A00C1453A /* Helper */ = {
			isa = PBXGroup;
			children = (
				D965F3F81B56041500A91259 /* UIImageView+NSAdditions.h */,
				D965F3F91B56041500A91259 /* UIImageView+NSAdditions.m */,
				D9C2395E1B56018F00C1453A /* UIImage+Resize.h */,
				D9C2395F1B56018F00C1453A /* UIImage+Resize.m */,
			);
			path = Helper;
			sourceTree = "<group>";
		};
		F966C7E756573EAFD58EBDC3 /* Frameworks */ = {
			isa = PBXGroup;
			children = (
				D94AF3B91B53D126000B4862 /* CoreLocation.framework */,
				CA44D39B1DEA39A133F5B3C8 /* libPods-CityFun.a */,
			);
			name = Frameworks;
			sourceTree = "<group>";
		};
/* End PBXGroup section */

/* Begin PBXNativeTarget section */
		D9A8DAE71B53A49000D5A9A3 /* CityFun */ = {
			isa = PBXNativeTarget;
			buildConfigurationList = D9A8DB0B1B53A49000D5A9A3 /* Build configuration list for PBXNativeTarget "CityFun" */;
			buildPhases = (
				BFE804F4C38B626EB0DA41FB /* Check Pods Manifest.lock */,
				D9A8DAE41B53A49000D5A9A3 /* Sources */,
				D9A8DAE51B53A49000D5A9A3 /* Frameworks */,
				D9A8DAE61B53A49000D5A9A3 /* Resources */,
				4F511944B6A0827759CF5839 /* Copy Pods Resources */,
			);
			buildRules = (
			);
			dependencies = (
			);
			name = CityFun;
			productName = CityFun;
			productReference = D9A8DAE81B53A49000D5A9A3 /* CityFun.app */;
			productType = "com.apple.product-type.application";
		};
		D9A8DB001B53A49000D5A9A3 /* CityFunTests */ = {
			isa = PBXNativeTarget;
			buildConfigurationList = D9A8DB0E1B53A49000D5A9A3 /* Build configuration list for PBXNativeTarget "CityFunTests" */;
			buildPhases = (
				D9A8DAFD1B53A49000D5A9A3 /* Sources */,
				D9A8DAFE1B53A49000D5A9A3 /* Frameworks */,
				D9A8DAFF1B53A49000D5A9A3 /* Resources */,
			);
			buildRules = (
			);
			dependencies = (
				D9A8DB031B53A49000D5A9A3 /* PBXTargetDependency */,
			);
			name = CityFunTests;
			productName = CityFunTests;
			productReference = D9A8DB011B53A49000D5A9A3 /* CityFunTests.xctest */;
			productType = "com.apple.product-type.bundle.unit-test";
		};
/* End PBXNativeTarget section */

/* Begin PBXProject section */
		D9A8DAE01B53A49000D5A9A3 /* Project object */ = {
			isa = PBXProject;
			attributes = {
				LastUpgradeCheck = 0640;
				ORGANIZATIONNAME = "Shih-Ming";
				TargetAttributes = {
					D9A8DAE71B53A49000D5A9A3 = {
						CreatedOnToolsVersion = 6.4;
					};
					D9A8DB001B53A49000D5A9A3 = {
						CreatedOnToolsVersion = 6.4;
						TestTargetID = D9A8DAE71B53A49000D5A9A3;
					};
				};
			};
			buildConfigurationList = D9A8DAE31B53A49000D5A9A3 /* Build configuration list for PBXProject "CityFun" */;
			compatibilityVersion = "Xcode 3.2";
			developmentRegion = English;
			hasScannedForEncodings = 0;
			knownRegions = (
				en,
				Base,
			);
			mainGroup = D9A8DADF1B53A49000D5A9A3;
			productRefGroup = D9A8DAE91B53A49000D5A9A3 /* Products */;
			projectDirPath = "";
			projectRoot = "";
			targets = (
				D9A8DAE71B53A49000D5A9A3 /* CityFun */,
				D9A8DB001B53A49000D5A9A3 /* CityFunTests */,
			);
		};
/* End PBXProject section */

/* Begin PBXResourcesBuildPhase section */
		D9A8DAE61B53A49000D5A9A3 /* Resources */ = {
			isa = PBXResourcesBuildPhase;
			buildActionMask = 2147483647;
			files = (
				D9A8DAF71B53A49000D5A9A3 /* Main.storyboard in Resources */,
				D965F4041B56042500A91259 /* CMFGalleryCell.xib in Resources */,
				D9A8DAFC1B53A49000D5A9A3 /* LaunchScreen.xib in Resources */,
				D965F3F71B56040900A91259 /* FiltersViewController.xib in Resources */,
				D9A8DAF91B53A49000D5A9A3 /* Images.xcassets in Resources */,
				D9B20B2E1B5B6A7A0031A3F5 /* FavoriteTableView.xib in Resources */,
				D965F4021B56042500A91259 /* CheckBoxCell.xib in Resources */,
				D9C239551B54EAA600C1453A /* CollectionCell.xib in Resources */,
				D9C2394B1B54B0A800C1453A /* MainCollectionView.xib in Resources */,
				D965F3F51B56040900A91259 /* CMFViewController.xib in Resources */,
				D965F4091B56043100A91259 /* ExpandCell.xib in Resources */,
				D9C239501B54BB2800C1453A /* MapView.xib in Resources */,
				D9B20B361B5B779B0031A3F5 /* FavoriteCell.xib in Resources */,
				B20271CE1B5CDBD4005D5F48 /* DetailFullView.xib in Resources */,
				D9A8DAF91B53A49000D5A9A3 /* Images.xcassets in Resources */,
				B210F4F11B54FB4A00C2215D /* DetailViewController.xib in Resources */,
				B20271D51B5D1780005D5F48 /* ic_expand_20x20.png in Resources */,
				B20271CC1B5CC861005D5F48 /* DetailView.xib in Resources */,
			);
			runOnlyForDeploymentPostprocessing = 0;
		};
		D9A8DAFF1B53A49000D5A9A3 /* Resources */ = {
			isa = PBXResourcesBuildPhase;
			buildActionMask = 2147483647;
			files = (
			);
			runOnlyForDeploymentPostprocessing = 0;
		};
/* End PBXResourcesBuildPhase section */

/* Begin PBXShellScriptBuildPhase section */
		4F511944B6A0827759CF5839 /* Copy Pods Resources */ = {
			isa = PBXShellScriptBuildPhase;
			buildActionMask = 2147483647;
			files = (
			);
			inputPaths = (
			);
			name = "Copy Pods Resources";
			outputPaths = (
			);
			runOnlyForDeploymentPostprocessing = 0;
			shellPath = /bin/sh;
			shellScript = "\"${SRCROOT}/Pods/Target Support Files/Pods-CityFun/Pods-CityFun-resources.sh\"\n";
			showEnvVarsInLog = 0;
		};
		BFE804F4C38B626EB0DA41FB /* Check Pods Manifest.lock */ = {
			isa = PBXShellScriptBuildPhase;
			buildActionMask = 2147483647;
			files = (
			);
			inputPaths = (
			);
			name = "Check Pods Manifest.lock";
			outputPaths = (
			);
			runOnlyForDeploymentPostprocessing = 0;
			shellPath = /bin/sh;
			shellScript = "diff \"${PODS_ROOT}/../Podfile.lock\" \"${PODS_ROOT}/Manifest.lock\" > /dev/null\nif [[ $? != 0 ]] ; then\n    cat << EOM\nerror: The sandbox is not in sync with the Podfile.lock. Run 'pod install' or update your CocoaPods installation.\nEOM\n    exit 1\nfi\n";
			showEnvVarsInLog = 0;
		};
/* End PBXShellScriptBuildPhase section */

/* Begin PBXSourcesBuildPhase section */
		D9A8DAE41B53A49000D5A9A3 /* Sources */ = {
			isa = PBXSourcesBuildPhase;
			buildActionMask = 2147483647;
			files = (
				D9B20B351B5B779B0031A3F5 /* FavoriteCell.m in Sources */,
				D9C2394A1B54B0A800C1453A /* MainCollectionView.m in Sources */,
				D965F3F41B56040900A91259 /* CMFViewController.m in Sources */,
				D9C239601B56018F00C1453A /* UIImage+Resize.m in Sources */,
				D965F4081B56043100A91259 /* ExpandCell.m in Sources */,
				D9C2394F1B54BB2800C1453A /* MapView.m in Sources */,
				D965F4011B56042500A91259 /* CheckBoxCell.m in Sources */,
				B210F4F01B54FB4A00C2215D /* DetailViewController.m in Sources */,
				D9A8DAF11B53A49000D5A9A3 /* AppDelegate.m in Sources */,
				B20271C51B57A65A005D5F48 /* DetailCell.m in Sources */,
				D94AF3B31B53A5E9000B4862 /* AttractionsModel.m in Sources */,
				D9C239541B54EAA600C1453A /* CollectionCell.m in Sources */,
				D965F4031B56042500A91259 /* CMFGalleryCell.m in Sources */,
				D94AF3B71B53C428000B4862 /* MainController.m in Sources */,
				D965F3F61B56040900A91259 /* FiltersViewController.m in Sources */,
				B20271D11B5CFC09005D5F48 /* DetailFullView.m in Sources */,
				B20271CA1B5CC832005D5F48 /* DetailView.m in Sources */,
				D9A8DAEE1B53A49000D5A9A3 /* main.m in Sources */,
				D9B20B2D1B5B6A7A0031A3F5 /* FavoriteTableView.m in Sources */,
				D965F3FA1B56041500A91259 /* UIImageView+NSAdditions.m in Sources */,
			);
			runOnlyForDeploymentPostprocessing = 0;
		};
		D9A8DAFD1B53A49000D5A9A3 /* Sources */ = {
			isa = PBXSourcesBuildPhase;
			buildActionMask = 2147483647;
			files = (
				D9A8DB081B53A49000D5A9A3 /* CityFunTests.m in Sources */,
			);
			runOnlyForDeploymentPostprocessing = 0;
		};
/* End PBXSourcesBuildPhase section */

/* Begin PBXTargetDependency section */
		D9A8DB031B53A49000D5A9A3 /* PBXTargetDependency */ = {
			isa = PBXTargetDependency;
			target = D9A8DAE71B53A49000D5A9A3 /* CityFun */;
			targetProxy = D9A8DB021B53A49000D5A9A3 /* PBXContainerItemProxy */;
		};
/* End PBXTargetDependency section */

/* Begin PBXVariantGroup section */
		D9A8DAF51B53A49000D5A9A3 /* Main.storyboard */ = {
			isa = PBXVariantGroup;
			children = (
				D9A8DAF61B53A49000D5A9A3 /* Base */,
			);
			name = Main.storyboard;
			sourceTree = "<group>";
		};
		D9A8DAFA1B53A49000D5A9A3 /* LaunchScreen.xib */ = {
			isa = PBXVariantGroup;
			children = (
				D9A8DAFB1B53A49000D5A9A3 /* Base */,
			);
			name = LaunchScreen.xib;
			sourceTree = "<group>";
		};
/* End PBXVariantGroup section */

/* Begin XCBuildConfiguration section */
		D9A8DB091B53A49000D5A9A3 /* Debug */ = {
			isa = XCBuildConfiguration;
			buildSettings = {
				ALWAYS_SEARCH_USER_PATHS = NO;
				CLANG_CXX_LANGUAGE_STANDARD = "gnu++0x";
				CLANG_CXX_LIBRARY = "libc++";
				CLANG_ENABLE_MODULES = YES;
				CLANG_ENABLE_OBJC_ARC = YES;
				CLANG_WARN_BOOL_CONVERSION = YES;
				CLANG_WARN_CONSTANT_CONVERSION = YES;
				CLANG_WARN_DIRECT_OBJC_ISA_USAGE = YES_ERROR;
				CLANG_WARN_EMPTY_BODY = YES;
				CLANG_WARN_ENUM_CONVERSION = YES;
				CLANG_WARN_INT_CONVERSION = YES;
				CLANG_WARN_OBJC_ROOT_CLASS = YES_ERROR;
				CLANG_WARN_UNREACHABLE_CODE = YES;
				CLANG_WARN__DUPLICATE_METHOD_MATCH = YES;
				"CODE_SIGN_IDENTITY[sdk=iphoneos*]" = "iPhone Developer";
				COPY_PHASE_STRIP = NO;
				DEBUG_INFORMATION_FORMAT = "dwarf-with-dsym";
				ENABLE_STRICT_OBJC_MSGSEND = YES;
				GCC_C_LANGUAGE_STANDARD = gnu99;
				GCC_DYNAMIC_NO_PIC = NO;
				GCC_NO_COMMON_BLOCKS = YES;
				GCC_OPTIMIZATION_LEVEL = 0;
				GCC_PREPROCESSOR_DEFINITIONS = (
					"DEBUG=1",
					"$(inherited)",
				);
				GCC_SYMBOLS_PRIVATE_EXTERN = NO;
				GCC_WARN_64_TO_32_BIT_CONVERSION = YES;
				GCC_WARN_ABOUT_RETURN_TYPE = YES_ERROR;
				GCC_WARN_UNDECLARED_SELECTOR = YES;
				GCC_WARN_UNINITIALIZED_AUTOS = YES_AGGRESSIVE;
				GCC_WARN_UNUSED_FUNCTION = YES;
				GCC_WARN_UNUSED_VARIABLE = YES;
				IPHONEOS_DEPLOYMENT_TARGET = 8.4;
				MTL_ENABLE_DEBUG_INFO = YES;
				ONLY_ACTIVE_ARCH = YES;
				SDKROOT = iphoneos;
			};
			name = Debug;
		};
		D9A8DB0A1B53A49000D5A9A3 /* Release */ = {
			isa = XCBuildConfiguration;
			buildSettings = {
				ALWAYS_SEARCH_USER_PATHS = NO;
				CLANG_CXX_LANGUAGE_STANDARD = "gnu++0x";
				CLANG_CXX_LIBRARY = "libc++";
				CLANG_ENABLE_MODULES = YES;
				CLANG_ENABLE_OBJC_ARC = YES;
				CLANG_WARN_BOOL_CONVERSION = YES;
				CLANG_WARN_CONSTANT_CONVERSION = YES;
				CLANG_WARN_DIRECT_OBJC_ISA_USAGE = YES_ERROR;
				CLANG_WARN_EMPTY_BODY = YES;
				CLANG_WARN_ENUM_CONVERSION = YES;
				CLANG_WARN_INT_CONVERSION = YES;
				CLANG_WARN_OBJC_ROOT_CLASS = YES_ERROR;
				CLANG_WARN_UNREACHABLE_CODE = YES;
				CLANG_WARN__DUPLICATE_METHOD_MATCH = YES;
				"CODE_SIGN_IDENTITY[sdk=iphoneos*]" = "iPhone Developer";
				COPY_PHASE_STRIP = NO;
				DEBUG_INFORMATION_FORMAT = "dwarf-with-dsym";
				ENABLE_NS_ASSERTIONS = NO;
				ENABLE_STRICT_OBJC_MSGSEND = YES;
				GCC_C_LANGUAGE_STANDARD = gnu99;
				GCC_NO_COMMON_BLOCKS = YES;
				GCC_WARN_64_TO_32_BIT_CONVERSION = YES;
				GCC_WARN_ABOUT_RETURN_TYPE = YES_ERROR;
				GCC_WARN_UNDECLARED_SELECTOR = YES;
				GCC_WARN_UNINITIALIZED_AUTOS = YES_AGGRESSIVE;
				GCC_WARN_UNUSED_FUNCTION = YES;
				GCC_WARN_UNUSED_VARIABLE = YES;
				IPHONEOS_DEPLOYMENT_TARGET = 8.4;
				MTL_ENABLE_DEBUG_INFO = NO;
				SDKROOT = iphoneos;
				VALIDATE_PRODUCT = YES;
			};
			name = Release;
		};
		D9A8DB0C1B53A49000D5A9A3 /* Debug */ = {
			isa = XCBuildConfiguration;
			baseConfigurationReference = 2860BF83D8E0A31601F516D7 /* Pods-CityFun.debug.xcconfig */;
			buildSettings = {
				ASSETCATALOG_COMPILER_APPICON_NAME = AppIcon;
				INFOPLIST_FILE = CityFun/Info.plist;
				LD_RUNPATH_SEARCH_PATHS = "$(inherited) @executable_path/Frameworks";
				PRODUCT_NAME = "$(TARGET_NAME)";
			};
			name = Debug;
		};
		D9A8DB0D1B53A49000D5A9A3 /* Release */ = {
			isa = XCBuildConfiguration;
			baseConfigurationReference = D9E3D501074F726192434ABB /* Pods-CityFun.release.xcconfig */;
			buildSettings = {
				ASSETCATALOG_COMPILER_APPICON_NAME = AppIcon;
				INFOPLIST_FILE = CityFun/Info.plist;
				LD_RUNPATH_SEARCH_PATHS = "$(inherited) @executable_path/Frameworks";
				PRODUCT_NAME = "$(TARGET_NAME)";
			};
			name = Release;
		};
		D9A8DB0F1B53A49000D5A9A3 /* Debug */ = {
			isa = XCBuildConfiguration;
			buildSettings = {
				BUNDLE_LOADER = "$(TEST_HOST)";
				FRAMEWORK_SEARCH_PATHS = (
					"$(SDKROOT)/Developer/Library/Frameworks",
					"$(inherited)",
				);
				GCC_PREPROCESSOR_DEFINITIONS = (
					"DEBUG=1",
					"$(inherited)",
				);
				INFOPLIST_FILE = CityFunTests/Info.plist;
				LD_RUNPATH_SEARCH_PATHS = "$(inherited) @executable_path/Frameworks @loader_path/Frameworks";
				PRODUCT_NAME = "$(TARGET_NAME)";
				TEST_HOST = "$(BUILT_PRODUCTS_DIR)/CityFun.app/CityFun";
			};
			name = Debug;
		};
		D9A8DB101B53A49000D5A9A3 /* Release */ = {
			isa = XCBuildConfiguration;
			buildSettings = {
				BUNDLE_LOADER = "$(TEST_HOST)";
				FRAMEWORK_SEARCH_PATHS = (
					"$(SDKROOT)/Developer/Library/Frameworks",
					"$(inherited)",
				);
				INFOPLIST_FILE = CityFunTests/Info.plist;
				LD_RUNPATH_SEARCH_PATHS = "$(inherited) @executable_path/Frameworks @loader_path/Frameworks";
				PRODUCT_NAME = "$(TARGET_NAME)";
				TEST_HOST = "$(BUILT_PRODUCTS_DIR)/CityFun.app/CityFun";
			};
			name = Release;
		};
/* End XCBuildConfiguration section */

/* Begin XCConfigurationList section */
		D9A8DAE31B53A49000D5A9A3 /* Build configuration list for PBXProject "CityFun" */ = {
			isa = XCConfigurationList;
			buildConfigurations = (
				D9A8DB091B53A49000D5A9A3 /* Debug */,
				D9A8DB0A1B53A49000D5A9A3 /* Release */,
			);
			defaultConfigurationIsVisible = 0;
			defaultConfigurationName = Release;
		};
		D9A8DB0B1B53A49000D5A9A3 /* Build configuration list for PBXNativeTarget "CityFun" */ = {
			isa = XCConfigurationList;
			buildConfigurations = (
				D9A8DB0C1B53A49000D5A9A3 /* Debug */,
				D9A8DB0D1B53A49000D5A9A3 /* Release */,
			);
			defaultConfigurationIsVisible = 0;
			defaultConfigurationName = Release;
		};
		D9A8DB0E1B53A49000D5A9A3 /* Build configuration list for PBXNativeTarget "CityFunTests" */ = {
			isa = XCConfigurationList;
			buildConfigurations = (
				D9A8DB0F1B53A49000D5A9A3 /* Debug */,
				D9A8DB101B53A49000D5A9A3 /* Release */,
			);
			defaultConfigurationIsVisible = 0;
			defaultConfigurationName = Release;
		};
/* End XCConfigurationList section */
	};
	rootObject = D9A8DAE01B53A49000D5A9A3 /* Project object */;
}
